// !$*UTF8*$!
{
	archiveVersion = 1;
	classes = {
	};
	objectVersion = 56;
	objects = {

/* Begin PBXBuildFile section */
		56407729294C810F00B9BF36 /* UserDetailView.swift in Sources */ = {isa = PBXBuildFile; fileRef = 56407728294C810F00B9BF36 /* UserDetailView.swift */; };
		5664F7C02944B08B00EDA14B /* OnlineFriendsApp.swift in Sources */ = {isa = PBXBuildFile; fileRef = 5664F7BF2944B08B00EDA14B /* OnlineFriendsApp.swift */; };
		5664F7C22944B08B00EDA14B /* Home.swift in Sources */ = {isa = PBXBuildFile; fileRef = 5664F7C12944B08B00EDA14B /* Home.swift */; };
		5664F7C42944B08C00EDA14B /* Assets.xcassets in Resources */ = {isa = PBXBuildFile; fileRef = 5664F7C32944B08C00EDA14B /* Assets.xcassets */; };
		5664F7C72944B08D00EDA14B /* Preview Assets.xcassets in Resources */ = {isa = PBXBuildFile; fileRef = 5664F7C62944B08D00EDA14B /* Preview Assets.xcassets */; };
		5664F7CE2944B09D00EDA14B /* User.swift in Sources */ = {isa = PBXBuildFile; fileRef = 5664F7CD2944B09D00EDA14B /* User.swift */; };
		5664F7D62944B2E200EDA14B /* HomeViewModel.swift in Sources */ = {isa = PBXBuildFile; fileRef = 5664F7D52944B2E200EDA14B /* HomeViewModel.swift */; };
/* End PBXBuildFile section */

/* Begin PBXFileReference section */
		56407728294C810F00B9BF36 /* UserDetailView.swift */ = {isa = PBXFileReference; lastKnownFileType = sourcecode.swift; path = UserDetailView.swift; sourceTree = "<group>"; };
		5664F7BC2944B08B00EDA14B /* OnlineFriends.app */ = {isa = PBXFileReference; explicitFileType = wrapper.application; includeInIndex = 0; path = OnlineFriends.app; sourceTree = BUILT_PRODUCTS_DIR; };
		5664F7BF2944B08B00EDA14B /* OnlineFriendsApp.swift */ = {isa = PBXFileReference; lastKnownFileType = sourcecode.swift; path = OnlineFriendsApp.swift; sourceTree = "<group>"; };
		5664F7C12944B08B00EDA14B /* Home.swift */ = {isa = PBXFileReference; lastKnownFileType = sourcecode.swift; path = Home.swift; sourceTree = "<group>"; };
		5664F7C32944B08C00EDA14B /* Assets.xcassets */ = {isa = PBXFileReference; lastKnownFileType = folder.assetcatalog; path = Assets.xcassets; sourceTree = "<group>"; };
		5664F7C62944B08D00EDA14B /* Preview Assets.xcassets */ = {isa = PBXFileReference; lastKnownFileType = folder.assetcatalog; path = "Preview Assets.xcassets"; sourceTree = "<group>"; };
		5664F7CD2944B09D00EDA14B /* User.swift */ = {isa = PBXFileReference; lastKnownFileType = sourcecode.swift; path = User.swift; sourceTree = "<group>"; };
		5664F7D52944B2E200EDA14B /* HomeViewModel.swift */ = {isa = PBXFileReference; lastKnownFileType = sourcecode.swift; path = HomeViewModel.swift; sourceTree = "<group>"; };
/* End PBXFileReference section */

/* Begin PBXFrameworksBuildPhase section */
		5664F7B92944B08B00EDA14B /* Frameworks */ = {
			isa = PBXFrameworksBuildPhase;
			buildActionMask = 2147483647;
			files = (
			);
			runOnlyForDeploymentPostprocessing = 0;
		};
/* End PBXFrameworksBuildPhase section */

/* Begin PBXGroup section */
		56407725294C7B4100B9BF36 /* Features */ = {
			isa = PBXGroup;
			children = (
				56407726294C7B4D00B9BF36 /* Home */,
				56407727294C7B6000B9BF36 /* UserDetails */,
			);
			path = Features;
			sourceTree = "<group>";
		};
		56407726294C7B4D00B9BF36 /* Home */ = {
			isa = PBXGroup;
			children = (
				5664F7DC2944B8C900EDA14B /* Model */,
				5664F7DD2944B8D400EDA14B /* ViewModel */,
				5664F7E02944B91A00EDA14B /* View */,
			);
			path = Home;
			sourceTree = "<group>";
		};
		56407727294C7B6000B9BF36 /* UserDetails */ = {
			isa = PBXGroup;
			children = (
				56407728294C810F00B9BF36 /* UserDetailView.swift */,
			);
			path = UserDetails;
			sourceTree = "<group>";
		};
		5664F7B32944B08B00EDA14B = {
			isa = PBXGroup;
			children = (
				5664F7BE2944B08B00EDA14B /* OnlineFriends */,
				5664F7BD2944B08B00EDA14B /* Products */,
			);
			sourceTree = "<group>";
		};
		5664F7BD2944B08B00EDA14B /* Products */ = {
			isa = PBXGroup;
			children = (
				5664F7BC2944B08B00EDA14B /* OnlineFriends.app */,
			);
			name = Products;
			sourceTree = "<group>";
		};
		5664F7BE2944B08B00EDA14B /* OnlineFriends */ = {
			isa = PBXGroup;
			children = (
				56407725294C7B4100B9BF36 /* Features */,
				5664F7DE2944B8E200EDA14B /* AppDelegate */,
				5664F7C52944B08D00EDA14B /* Preview Content */,
				5664F7DF2944B8F000EDA14B /* Resources */,
			);
			path = OnlineFriends;
			sourceTree = "<group>";
		};
		5664F7C52944B08D00EDA14B /* Preview Content */ = {
			isa = PBXGroup;
			children = (
				5664F7C62944B08D00EDA14B /* Preview Assets.xcassets */,
			);
			path = "Preview Content";
			sourceTree = "<group>";
		};
		5664F7DC2944B8C900EDA14B /* Model */ = {
			isa = PBXGroup;
			children = (
				5664F7CD2944B09D00EDA14B /* User.swift */,
			);
			path = Model;
			sourceTree = "<group>";
		};
		5664F7DD2944B8D400EDA14B /* ViewModel */ = {
			isa = PBXGroup;
			children = (
				5664F7D52944B2E200EDA14B /* HomeViewModel.swift */,
			);
			path = ViewModel;
			sourceTree = "<group>";
		};
		5664F7DE2944B8E200EDA14B /* AppDelegate */ = {
			isa = PBXGroup;
			children = (
				5664F7BF2944B08B00EDA14B /* OnlineFriendsApp.swift */,
			);
			path = AppDelegate;
			sourceTree = "<group>";
		};
		5664F7DF2944B8F000EDA14B /* Resources */ = {
			isa = PBXGroup;
			children = (
				5664F7C32944B08C00EDA14B /* Assets.xcassets */,
			);
			path = Resources;
			sourceTree = "<group>";
		};
		5664F7E02944B91A00EDA14B /* View */ = {
			isa = PBXGroup;
			children = (
				5664F7C12944B08B00EDA14B /* Home.swift */,
			);
			path = View;
			sourceTree = "<group>";
		};
/* End PBXGroup section */

/* Begin PBXNativeTarget section */
		5664F7BB2944B08B00EDA14B /* OnlineFriends */ = {
			isa = PBXNativeTarget;
			buildConfigurationList = 5664F7CA2944B08D00EDA14B /* Build configuration list for PBXNativeTarget "OnlineFriends" */;
			buildPhases = (
				5664F7B82944B08B00EDA14B /* Sources */,
				5664F7B92944B08B00EDA14B /* Frameworks */,
				5664F7BA2944B08B00EDA14B /* Resources */,
			);
			buildRules = (
			);
			dependencies = (
			);
			name = OnlineFriends;
			productName = OnlineFriends;
			productReference = 5664F7BC2944B08B00EDA14B /* OnlineFriends.app */;
			productType = "com.apple.product-type.application";
		};
/* End PBXNativeTarget section */

/* Begin PBXProject section */
		5664F7B42944B08B00EDA14B /* Project object */ = {
			isa = PBXProject;
			attributes = {
				BuildIndependentTargetsInParallel = 1;
				LastSwiftUpdateCheck = 1400;
				LastUpgradeCheck = 1400;
				TargetAttributes = {
					5664F7BB2944B08B00EDA14B = {
						CreatedOnToolsVersion = 14.0;
					};
				};
			};
			buildConfigurationList = 5664F7B72944B08B00EDA14B /* Build configuration list for PBXProject "OnlineFriends" */;
			compatibilityVersion = "Xcode 14.0";
			developmentRegion = en;
			hasScannedForEncodings = 0;
			knownRegions = (
				en,
				Base,
			);
			mainGroup = 5664F7B32944B08B00EDA14B;
			productRefGroup = 5664F7BD2944B08B00EDA14B /* Products */;
			projectDirPath = "";
			projectRoot = "";
			targets = (
				5664F7BB2944B08B00EDA14B /* OnlineFriends */,
			);
		};
/* End PBXProject section */

/* Begin PBXResourcesBuildPhase section */
		5664F7BA2944B08B00EDA14B /* Resources */ = {
			isa = PBXResourcesBuildPhase;
			buildActionMask = 2147483647;
			files = (
				5664F7C72944B08D00EDA14B /* Preview Assets.xcassets in Resources */,
				5664F7C42944B08C00EDA14B /* Assets.xcassets in Resources */,
			);
			runOnlyForDeploymentPostprocessing = 0;
		};
/* End PBXResourcesBuildPhase section */

/* Begin PBXSourcesBuildPhase section */
		5664F7B82944B08B00EDA14B /* Sources */ = {
			isa = PBXSourcesBuildPhase;
			buildActionMask = 2147483647;
			files = (
				5664F7C22944B08B00EDA14B /* Home.swift in Sources */,
				5664F7D62944B2E200EDA14B /* HomeViewModel.swift in Sources */,
				5664F7C02944B08B00EDA14B /* OnlineFriendsApp.swift in Sources */,
				56407729294C810F00B9BF36 /* UserDetailView.swift in Sources */,
				5664F7CE2944B09D00EDA14B /* User.swift in Sources */,
			);
			runOnlyForDeploymentPostprocessing = 0;
		};
/* End PBXSourcesBuildPhase section */

/* Begin XCBuildConfiguration section */
		5664F7C82944B08D00EDA14B /* Debug */ = {
			isa = XCBuildConfiguration;
			buildSettings = {
				ALWAYS_SEARCH_USER_PATHS = NO;
				CLANG_ANALYZER_NONNULL = YES;
				CLANG_ANALYZER_NUMBER_OBJECT_CONVERSION = YES_AGGRESSIVE;
				CLANG_CXX_LANGUAGE_STANDARD = "gnu++20";
				CLANG_ENABLE_MODULES = YES;
				CLANG_ENABLE_OBJC_ARC = YES;
				CLANG_ENABLE_OBJC_WEAK = YES;
				CLANG_WARN_BLOCK_CAPTURE_AUTORELEASING = YES;
				CLANG_WARN_BOOL_CONVERSION = YES;
				CLANG_WARN_COMMA = YES;
				CLANG_WARN_CONSTANT_CONVERSION = YES;
				CLANG_WARN_DEPRECATED_OBJC_IMPLEMENTATIONS = YES;
				CLANG_WARN_DIRECT_OBJC_ISA_USAGE = YES_ERROR;
				CLANG_WARN_DOCUMENTATION_COMMENTS = YES;
				CLANG_WARN_EMPTY_BODY = YES;
				CLANG_WARN_ENUM_CONVERSION = YES;
				CLANG_WARN_INFINITE_RECURSION = YES;
				CLANG_WARN_INT_CONVERSION = YES;
				CLANG_WARN_NON_LITERAL_NULL_CONVERSION = YES;
				CLANG_WARN_OBJC_IMPLICIT_RETAIN_SELF = YES;
				CLANG_WARN_OBJC_LITERAL_CONVERSION = YES;
				CLANG_WARN_OBJC_ROOT_CLASS = YES_ERROR;
				CLANG_WARN_QUOTED_INCLUDE_IN_FRAMEWORK_HEADER = YES;
				CLANG_WARN_RANGE_LOOP_ANALYSIS = YES;
				CLANG_WARN_STRICT_PROTOTYPES = YES;
				CLANG_WARN_SUSPICIOUS_MOVE = YES;
				CLANG_WARN_UNGUARDED_AVAILABILITY = YES_AGGRESSIVE;
				CLANG_WARN_UNREACHABLE_CODE = YES;
				CLANG_WARN__DUPLICATE_METHOD_MATCH = YES;
				COPY_PHASE_STRIP = NO;
				DEBUG_INFORMATION_FORMAT = dwarf;
				ENABLE_STRICT_OBJC_MSGSEND = YES;
				ENABLE_TESTABILITY = YES;
				GCC_C_LANGUAGE_STANDARD = gnu11;
				GCC_DYNAMIC_NO_PIC = NO;
				GCC_NO_COMMON_BLOCKS = YES;
				GCC_OPTIMIZATION_LEVEL = 0;
				GCC_PREPROCESSOR_DEFINITIONS = (
					"DEBUG=1",
					"$(inherited)",
				);
				GCC_WARN_64_TO_32_BIT_CONVERSION = YES;
				GCC_WARN_ABOUT_RETURN_TYPE = YES_ERROR;
				GCC_WARN_UNDECLARED_SELECTOR = YES;
				GCC_WARN_UNINITIALIZED_AUTOS = YES_AGGRESSIVE;
				GCC_WARN_UNUSED_FUNCTION = YES;
				GCC_WARN_UNUSED_VARIABLE = YES;
				IPHONEOS_DEPLOYMENT_TARGET = 16.0;
				MTL_ENABLE_DEBUG_INFO = INCLUDE_SOURCE;
				MTL_FAST_MATH = YES;
				ONLY_ACTIVE_ARCH = YES;
				SDKROOT = iphoneos;
				SWIFT_ACTIVE_COMPILATION_CONDITIONS = DEBUG;
				SWIFT_OPTIMIZATION_LEVEL = "-Onone";
			};
			name = Debug;
		};
		5664F7C92944B08D00EDA14B /* Release */ = {
			isa = XCBuildConfiguration;
			buildSettings = {
				ALWAYS_SEARCH_USER_PATHS = NO;
				CLANG_ANALYZER_NONNULL = YES;
				CLANG_ANALYZER_NUMBER_OBJECT_CONVERSION = YES_AGGRESSIVE;
				CLANG_CXX_LANGUAGE_STANDARD = "gnu++20";
				CLANG_ENABLE_MODULES = YES;
				CLANG_ENABLE_OBJC_ARC = YES;
				CLANG_ENABLE_OBJC_WEAK = YES;
				CLANG_WARN_BLOCK_CAPTURE_AUTORELEASING = YES;
				CLANG_WARN_BOOL_CONVERSION = YES;
				CLANG_WARN_COMMA = YES;
				CLANG_WARN_CONSTANT_CONVERSION = YES;
				CLANG_WARN_DEPRECATED_OBJC_IMPLEMENTATIONS = YES;
				CLANG_WARN_DIRECT_OBJC_ISA_USAGE = YES_ERROR;
				CLANG_WARN_DOCUMENTATION_COMMENTS = YES;
				CLANG_WARN_EMPTY_BODY = YES;
				CLANG_WARN_ENUM_CONVERSION = YES;
				CLANG_WARN_INFINITE_RECURSION = YES;
				CLANG_WARN_INT_CONVERSION = YES;
				CLANG_WARN_NON_LITERAL_NULL_CONVERSION = YES;
				CLANG_WARN_OBJC_IMPLICIT_RETAIN_SELF = YES;
				CLANG_WARN_OBJC_LITERAL_CONVERSION = YES;
				CLANG_WARN_OBJC_ROOT_CLASS = YES_ERROR;
				CLANG_WARN_QUOTED_INCLUDE_IN_FRAMEWORK_HEADER = YES;
				CLANG_WARN_RANGE_LOOP_ANALYSIS = YES;
				CLANG_WARN_STRICT_PROTOTYPES = YES;
				CLANG_WARN_SUSPICIOUS_MOVE = YES;
				CLANG_WARN_UNGUARDED_AVAILABILITY = YES_AGGRESSIVE;
				CLANG_WARN_UNREACHABLE_CODE = YES;
				CLANG_WARN__DUPLICATE_METHOD_MATCH = YES;
				COPY_PHASE_STRIP = NO;
				DEBUG_INFORMATION_FORMAT = "dwarf-with-dsym";
				ENABLE_NS_ASSERTIONS = NO;
				ENABLE_STRICT_OBJC_MSGSEND = YES;
				GCC_C_LANGUAGE_STANDARD = gnu11;
				GCC_NO_COMMON_BLOCKS = YES;
				GCC_WARN_64_TO_32_BIT_CONVERSION = YES;
				GCC_WARN_ABOUT_RETURN_TYPE = YES_ERROR;
				GCC_WARN_UNDECLARED_SELECTOR = YES;
				GCC_WARN_UNINITIALIZED_AUTOS = YES_AGGRESSIVE;
				GCC_WARN_UNUSED_FUNCTION = YES;
				GCC_WARN_UNUSED_VARIABLE = YES;
				IPHONEOS_DEPLOYMENT_TARGET = 16.0;
				MTL_ENABLE_DEBUG_INFO = NO;
				MTL_FAST_MATH = YES;
				SDKROOT = iphoneos;
				SWIFT_COMPILATION_MODE = wholemodule;
				SWIFT_OPTIMIZATION_LEVEL = "-O";
				VALIDATE_PRODUCT = YES;
			};
			name = Release;
		};
		5664F7CB2944B08D00EDA14B /* Debug */ = {
			isa = XCBuildConfiguration;
			buildSettings = {
				ASSETCATALOG_COMPILER_APPICON_NAME = AppIcon;
				ASSETCATALOG_COMPILER_GLOBAL_ACCENT_COLOR_NAME = AccentColor;
				CODE_SIGN_STYLE = Automatic;
				CURRENT_PROJECT_VERSION = 1;
				DEVELOPMENT_ASSET_PATHS = "\"OnlineFriends/Preview Content\"";
				DEVELOPMENT_TEAM = B3MZ96QT2S;
				ENABLE_PREVIEWS = YES;
				GENERATE_INFOPLIST_FILE = YES;
				INFOPLIST_KEY_UIApplicationSceneManifest_Generation = YES;
				INFOPLIST_KEY_UIApplicationSupportsIndirectInputEvents = YES;
				INFOPLIST_KEY_UILaunchScreen_Generation = YES;
				INFOPLIST_KEY_UISupportedInterfaceOrientations_iPad = "UIInterfaceOrientationPortrait UIInterfaceOrientationPortraitUpsideDown UIInterfaceOrientationLandscapeLeft UIInterfaceOrientationLandscapeRight";
				INFOPLIST_KEY_UISupportedInterfaceOrientations_iPhone = "UIInterfaceOrientationPortrait UIInterfaceOrientationLandscapeLeft UIInterfaceOrientationLandscapeRight";
				LD_RUNPATH_SEARCH_PATHS = (
					"$(inherited)",
					"@executable_path/Frameworks",
				);
				MARKETING_VERSION = 1.0;
				PRODUCT_BUNDLE_IDENTIFIER = com.mihaicerneanu.OnlineFriends;
				PRODUCT_NAME = "$(TARGET_NAME)";
				SWIFT_EMIT_LOC_STRINGS = YES;
				SWIFT_VERSION = 5.0;
				TARGETED_DEVICE_FAMILY = "1,2";
			};
			name = Debug;
		};
		5664F7CC2944B08D00EDA14B /* Release */ = {
			isa = XCBuildConfiguration;
			buildSettings = {
				ASSETCATALOG_COMPILER_APPICON_NAME = AppIcon;
				ASSETCATALOG_COMPILER_GLOBAL_ACCENT_COLOR_NAME = AccentColor;
				CODE_SIGN_STYLE = Automatic;
				CURRENT_PROJECT_VERSION = 1;
				DEVELOPMENT_ASSET_PATHS = "\"OnlineFriends/Preview Content\"";
				DEVELOPMENT_TEAM = B3MZ96QT2S;
				ENABLE_PREVIEWS = YES;
				GENERATE_INFOPLIST_FILE = YES;
				INFOPLIST_KEY_UIApplicationSceneManifest_Generation = YES;
				INFOPLIST_KEY_UIApplicationSupportsIndirectInputEvents = YES;
				INFOPLIST_KEY_UILaunchScreen_Generation = YES;
				INFOPLIST_KEY_UISupportedInterfaceOrientations_iPad = "UIInterfaceOrientationPortrait UIInterfaceOrientationPortraitUpsideDown UIInterfaceOrientationLandscapeLeft UIInterfaceOrientationLandscapeRight";
				INFOPLIST_KEY_UISupportedInterfaceOrientations_iPhone = "UIInterfaceOrientationPortrait UIInterfaceOrientationLandscapeLeft UIInterfaceOrientationLandscapeRight";
				LD_RUNPATH_SEARCH_PATHS = (
					"$(inherited)",
					"@executable_path/Frameworks",
				);
				MARKETING_VERSION = 1.0;
				PRODUCT_BUNDLE_IDENTIFIER = com.mihaicerneanu.OnlineFriends;
				PRODUCT_NAME = "$(TARGET_NAME)";
				SWIFT_EMIT_LOC_STRINGS = YES;
				SWIFT_VERSION = 5.0;
				TARGETED_DEVICE_FAMILY = "1,2";
			};
			name = Release;
		};
/* End XCBuildConfiguration section */

/* Begin XCConfigurationList section */
		5664F7B72944B08B00EDA14B /* Build configuration list for PBXProject "OnlineFriends" */ = {
			isa = XCConfigurationList;
			buildConfigurations = (
				5664F7C82944B08D00EDA14B /* Debug */,
				5664F7C92944B08D00EDA14B /* Release */,
			);
			defaultConfigurationIsVisible = 0;
			defaultConfigurationName = Release;
		};
		5664F7CA2944B08D00EDA14B /* Build configuration list for PBXNativeTarget "OnlineFriends" */ = {
			isa = XCConfigurationList;
			buildConfigurations = (
				5664F7CB2944B08D00EDA14B /* Debug */,
				5664F7CC2944B08D00EDA14B /* Release */,
			);
			defaultConfigurationIsVisible = 0;
			defaultConfigurationName = Release;
		};
/* End XCConfigurationList section */
	};
	rootObject = 5664F7B42944B08B00EDA14B /* Project object */;
}
